
Microsoft Visual Studio Solution File, Format Version 12.00
# Visual Studio Version 17
VisualStudioVersion = 17.7.34202.233
MinimumVisualStudioVersion = 10.0.40219.1
Project("{9A19103F-16F7-4668-BE54-9A1E7A4F7556}") = "ForEach", "ForEach.csproj", "{6B3A1A99-6B3D-45C4-A591-ED738DC9BF09}"
EndProject
Project("{9A19103F-16F7-4668-BE54-9A1E7A4F7556}") = "FunctionalProgramming", "..\FunctionalProgramming\FunctionalProgramming.csproj", "{D8885314-F085-4549-AE63-EF61B81F4A46}"
EndProject
Global
	GlobalSection(SolutionConfigurationPlatforms) = preSolution
		Debug|Any CPU = Debug|Any CPU
		Release|Any CPU = Release|Any CPU
	EndGlobalSection
	GlobalSection(ProjectConfigurationPlatforms) = postSolution
		{6B3A1A99-6B3D-45C4-A591-ED738DC9BF09}.Debug|Any CPU.ActiveCfg = Debug|Any CPU
		{6B3A1A99-6B3D-45C4-A591-ED738DC9BF09}.Debug|Any CPU.Build.0 = Debug|Any CPU
		{6B3A1A99-6B3D-45C4-A591-ED738DC9BF09}.Release|Any CPU.ActiveCfg = Release|Any CPU
		{6B3A1A99-6B3D-45C4-A591-ED738DC9BF09}.Release|Any CPU.Build.0 = Release|Any CPU
		{D8885314-F085-4549-AE63-EF61B81F4A46}.Debug|Any CPU.ActiveCfg = Debug|Any CPU
		{D8885314-F085-4549-AE63-EF61B81F4A46}.Debug|Any CPU.Build.0 = Debug|Any CPU
		{D8885314-F085-4549-AE63-EF61B81F4A46}.Release|Any CPU.ActiveCfg = Release|Any CPU
		{D8885314-F085-4549-AE63-EF61B81F4A46}.Release|Any CPU.Build.0 = Release|Any CPU
	EndGlobalSection
	GlobalSection(SolutionProperties) = preSolution
		HideSolutionNode = FALSE
	EndGlobalSection
	GlobalSection(ExtensibilityGlobals) = postSolution
		SolutionGuid = {53592C0C-10F7-44EE-A90D-1D4A50A8B6BE}
	EndGlobalSection
EndGlobal
