
Microsoft Visual Studio Solution File, Format Version 12.00
# Visual Studio Version 17
VisualStudioVersion = 17.7.34202.233
MinimumVisualStudioVersion = 10.0.40219.1
Project("{9A19103F-16F7-4668-BE54-9A1E7A4F7556}") = "Static", "Static.csproj", "{731F3F8E-4010-445F-AA95-7C0F03F917C0}"
EndProject
Project("{FAE04EC0-301F-11D3-BF4B-00C04F79EFBC}") = "Interfaces", "..\Interfaces\Interfaces.csproj", "{4F46DEEC-3843-4312-9E54-1813727D4F00}"
EndProject
Project("{FAE04EC0-301F-11D3-BF4B-00C04F79EFBC}") = "Generics", "..\Generics\Generics.csproj", "{F080258C-647E-4C87-B2B2-10C0A17F164B}"
EndProject
Project("{FAE04EC0-301F-11D3-BF4B-00C04F79EFBC}") = "Json", "..\Json\Json.csproj", "{645E85D5-E042-425E-AACE-65C6FD2C9E30}"
EndProject
Global
	GlobalSection(SolutionConfigurationPlatforms) = preSolution
		Debug|Any CPU = Debug|Any CPU
		Release|Any CPU = Release|Any CPU
	EndGlobalSection
	GlobalSection(ProjectConfigurationPlatforms) = postSolution
		{731F3F8E-4010-445F-AA95-7C0F03F917C0}.Debug|Any CPU.ActiveCfg = Debug|Any CPU
		{731F3F8E-4010-445F-AA95-7C0F03F917C0}.Debug|Any CPU.Build.0 = Debug|Any CPU
		{731F3F8E-4010-445F-AA95-7C0F03F917C0}.Release|Any CPU.ActiveCfg = Release|Any CPU
		{731F3F8E-4010-445F-AA95-7C0F03F917C0}.Release|Any CPU.Build.0 = Release|Any CPU
		{4F46DEEC-3843-4312-9E54-1813727D4F00}.Debug|Any CPU.ActiveCfg = Debug|Any CPU
		{4F46DEEC-3843-4312-9E54-1813727D4F00}.Debug|Any CPU.Build.0 = Debug|Any CPU
		{4F46DEEC-3843-4312-9E54-1813727D4F00}.Release|Any CPU.ActiveCfg = Release|Any CPU
		{4F46DEEC-3843-4312-9E54-1813727D4F00}.Release|Any CPU.Build.0 = Release|Any CPU
		{F080258C-647E-4C87-B2B2-10C0A17F164B}.Debug|Any CPU.ActiveCfg = Debug|Any CPU
		{F080258C-647E-4C87-B2B2-10C0A17F164B}.Debug|Any CPU.Build.0 = Debug|Any CPU
		{F080258C-647E-4C87-B2B2-10C0A17F164B}.Release|Any CPU.ActiveCfg = Release|Any CPU
		{F080258C-647E-4C87-B2B2-10C0A17F164B}.Release|Any CPU.Build.0 = Release|Any CPU
		{645E85D5-E042-425E-AACE-65C6FD2C9E30}.Debug|Any CPU.ActiveCfg = Debug|Any CPU
		{645E85D5-E042-425E-AACE-65C6FD2C9E30}.Debug|Any CPU.Build.0 = Debug|Any CPU
		{645E85D5-E042-425E-AACE-65C6FD2C9E30}.Release|Any CPU.ActiveCfg = Release|Any CPU
		{645E85D5-E042-425E-AACE-65C6FD2C9E30}.Release|Any CPU.Build.0 = Release|Any CPU
	EndGlobalSection
	GlobalSection(SolutionProperties) = preSolution
		HideSolutionNode = FALSE
	EndGlobalSection
	GlobalSection(ExtensibilityGlobals) = postSolution
		SolutionGuid = {44B71D3D-11B7-43F7-95CA-C3C32D4933C2}
	EndGlobalSection
EndGlobal
